<?xml version="1.0" encoding="utf-8"?>
<Project ToolsVersion="4.0" xmlns="http://schemas.microsoft.com/developer/msbuild/2003">
  <ItemGroup>
    <Filter Include="Effects">
      <UniqueIdentifier>{9efd94ae-b49f-4e09-b260-8ea4ae464e4c}</UniqueIdentifier>
    </Filter>
    <Filter Include="Effects\AbstractEffect">
      <UniqueIdentifier>{d6751ca7-10ae-4da1-a608-f281202f978b}</UniqueIdentifier>
    </Filter>
    <Filter Include="Effects\Particles2dGravityEffect">
      <UniqueIdentifier>{9a57461d-f89d-4870-9967-d3d267f6b526}</UniqueIdentifier>
    </Filter>
    <Filter Include="GUI">
      <UniqueIdentifier>{1018a406-fd12-4b69-98e8-89a8e44ac4d5}</UniqueIdentifier>
    </Filter>
    <Filter Include="Effects\Particles2dNBodyGravityEffect">
      <UniqueIdentifier>{a6e539ac-833b-453d-a554-f954414f5c84}</UniqueIdentifier>
    </Filter>
    <Filter Include="Effects\Particles2dCollisionEffect">
      <UniqueIdentifier>{beacfb1e-d8cf-4766-8313-0cff5c7ab759}</UniqueIdentifier>
    </Filter>
    <Filter Include="Effects\Fractal2dEffect">
      <UniqueIdentifier>{45876e7d-6b3f-4682-b04e-11f6bbf8d946}</UniqueIdentifier>
    </Filter>
  </ItemGroup>
  <ItemGroup>
    <ClCompile Include="Particles2dGravityEffect.cpp">
      <Filter>Effects\Particles2dGravityEffect</Filter>
    </ClCompile>
    <ClCompile Include="imgui_impl_glfw.cpp">
      <Filter>GUI</Filter>
    </ClCompile>
    <ClCompile Include="imgui_impl_opengl3.cpp">
      <Filter>GUI</Filter>
    </ClCompile>
    <ClCompile Include="imgui_demo.cpp">
      <Filter>GUI</Filter>
    </ClCompile>
    <ClCompile Include="imgui_draw.cpp">
      <Filter>GUI</Filter>
    </ClCompile>
    <ClCompile Include="imgui_widgets.cpp">
      <Filter>GUI</Filter>
    </ClCompile>
    <ClCompile Include="imgui.cpp">
      <Filter>GUI</Filter>
    </ClCompile>
    <ClCompile Include="Particles2dNBodyGravityEffect.cpp">
      <Filter>Effects\Particles2dNBodyGravityEffect</Filter>
    </ClCompile>
    <ClCompile Include="Fractal2dEffect.cpp">
      <Filter>Effects\Fractal2dEffect</Filter>
    </ClCompile>
    <ClCompile Include="main.cpp" />
    <ClCompile Include="Particles2dCollisionEffect.cpp">
      <Filter>Effects\Particles2dCollisionEffect</Filter>
    </ClCompile>
    <ClCompile Include="AbstractEffect.cpp">
      <Filter>Effects\AbstractEffect</Filter>
    </ClCompile>
  </ItemGroup>
  <ItemGroup>
    <ClInclude Include="Particles2dGravityEffect.h">
      <Filter>Effects\Particles2dGravityEffect</Filter>
    </ClInclude>
    <ClInclude Include="AbstractEffect.h">
      <Filter>Effects\AbstractEffect</Filter>
    </ClInclude>
    <ClInclude Include="imgui_impl_glfw.h">
      <Filter>GUI</Filter>
    </ClInclude>
    <ClInclude Include="imgui_impl_opengl3.h">
      <Filter>GUI</Filter>
    </ClInclude>
    <ClInclude Include="imgui.h">
      <Filter>GUI</Filter>
    </ClInclude>
    <ClInclude Include="imgui_internal.h">
      <Filter>GUI</Filter>
    </ClInclude>
    <ClInclude Include="imstb_rectpack.h">
      <Filter>GUI</Filter>
    </ClInclude>
    <ClInclude Include="imstb_textedit.h">
      <Filter>GUI</Filter>
    </ClInclude>
    <ClInclude Include="imstb_truetype.h">
      <Filter>GUI</Filter>
    </ClInclude>
    <ClInclude Include="imconfig.h">
      <Filter>GUI</Filter>
    </ClInclude>
    <ClInclude Include="Particles2dNBodyGravityEffect.h">
      <Filter>Effects\Particles2dNBodyGravityEffect</Filter>
    </ClInclude>
    <ClInclude Include="Fractal2dEffect.h">
      <Filter>Effects\Fractal2dEffect</Filter>
    </ClInclude>
    <ClInclude Include="Particles2dCollisionEffect.h">
      <Filter>Effects\Particles2dCollisionEffect</Filter>
    </ClInclude>
  </ItemGroup>
  <ItemGroup>
    <CopyFileToFolders Include="Particles2dGravityEffect.frag">
      <Filter>Effects\Particles2dGravityEffect</Filter>
    </CopyFileToFolders>
    <CopyFileToFolders Include="Particles2dGravityEffect.vert">
      <Filter>Effects\Particles2dGravityEffect</Filter>
    </CopyFileToFolders>
    <CopyFileToFolders Include="Particles2dNBodyGravityEffect.frag">
      <Filter>Effects\Particles2dNBodyGravityEffect</Filter>
    </CopyFileToFolders>
    <CopyFileToFolders Include="Particles2dNBodyGravityEffect.vert">
      <Filter>Effects\Particles2dNBodyGravityEffect</Filter>
    </CopyFileToFolders>
    <CopyFileToFolders Include="Fractal2dEffect.vert">
      <Filter>Effects\Fractal2dEffect</Filter>
    </CopyFileToFolders>
    <CopyFileToFolders Include="Fractal2dSingleEffect.frag">
      <Filter>Effects\Fractal2dEffect</Filter>
    </CopyFileToFolders>
    <CopyFileToFolders Include="Fractal2dDoubleEffect.frag">
      <Filter>Effects\Fractal2dEffect</Filter>
    </CopyFileToFolders>
    <CopyFileToFolders Include="Particles2dCollisionEffect.vert">
      <Filter>Effects\Particles2dCollisionEffect</Filter>
    </CopyFileToFolders>
    <CopyFileToFolders Include="Particles2dCollisionEffect.frag">
      <Filter>Effects\Particles2dCollisionEffect</Filter>
    </CopyFileToFolders>
    <CopyFileToFolders Include="FillCellIdAndObjectIdArrays.comp">
      <Filter>Effects\Particles2dCollisionEffect</Filter>
    </CopyFileToFolders>
    <CopyFileToFolders Include="Particles2dCollisionEffect.comp">
      <Filter>Effects\Particles2dCollisionEffect</Filter>
    </CopyFileToFolders>
    <CopyFileToFolders Include="RadixSortPhase2.comp">
      <Filter>Effects\Particles2dCollisionEffect</Filter>
    </CopyFileToFolders>
    <CopyFileToFolders Include="RadixSortPhase1.comp">
      <Filter>Effects\Particles2dCollisionEffect</Filter>
    </CopyFileToFolders>
    <CopyFileToFolders Include="RadixSortPhase3.comp">
      <Filter>Effects\Particles2dCollisionEffect</Filter>
    </CopyFileToFolders>
    <CopyFileToFolders Include="ResolveCollisions.comp">
      <Filter>Effects\Particles2dCollisionEffect</Filter>
    </CopyFileToFolders>
    <CopyFileToFolders Include="Grid.frag">
      <Filter>Effects\Particles2dCollisionEffect</Filter>
    </CopyFileToFolders>
  </ItemGroup>
  <ItemGroup>
    <None Include="FindCollisionCells.comp">
      <Filter>Effects\Particles2dCollisionEffect</Filter>
    </None>
    <None Include="Grid.vert">
      <Filter>Effects\Particles2dCollisionEffect</Filter>
    </None>
  </ItemGroup>
</Project>